
Microsoft Visual Studio Solution File, Format Version 12.00
# Visual Studio Version 16
VisualStudioVersion = 16.0.31112.23
MinimumVisualStudioVersion = 10.0.40219.1
Project("{9A19103F-16F7-4668-BE54-9A1E7A4F7556}") = "OMDbApiClient", "OMDbApiClient\OMDbApiClient.csproj", "{66D051DA-DCEF-4B6D-9220-CE1683B59D18}"
EndProject
Global
	GlobalSection(SolutionConfigurationPlatforms) = preSolution
		Debug|Any CPU = Debug|Any CPU
		Release|Any CPU = Release|Any CPU
	EndGlobalSection
	GlobalSection(ProjectConfigurationPlatforms) = postSolution
		{66D051DA-DCEF-4B6D-9220-CE1683B59D18}.Debug|Any CPU.ActiveCfg = Debug|Any CPU
		{66D051DA-DCEF-4B6D-9220-CE1683B59D18}.Debug|Any CPU.Build.0 = Debug|Any CPU
		{66D051DA-DCEF-4B6D-9220-CE1683B59D18}.Release|Any CPU.ActiveCfg = Release|Any CPU
		{66D051DA-DCEF-4B6D-9220-CE1683B59D18}.Release|Any CPU.Build.0 = Release|Any CPU
	EndGlobalSection
	GlobalSection(SolutionProperties) = preSolution
		HideSolutionNode = FALSE
	EndGlobalSection
	GlobalSection(ExtensibilityGlobals) = postSolution
		SolutionGuid = {9E154712-9669-43C5-839C-8FCBFF381C29}
	EndGlobalSection
EndGlobal
